
Microsoft Visual Studio Solution File, Format Version 12.00
# Visual Studio Version 17
VisualStudioVersion = 17.9.34728.123
MinimumVisualStudioVersion = 10.0.40219.1
Project("{FAE04EC0-301F-11D3-BF4B-00C04F79EFBC}") = "DotnetTemplates", "DotnetTemplates\DotnetTemplates.csproj", "{71DF0356-4136-40E1-9516-6427E5700CF9}"
EndProject
Global
	GlobalSection(SolutionConfigurationPlatforms) = preSolution
		Debug|Any CPU = Debug|Any CPU
		Release|Any CPU = Release|Any CPU
	EndGlobalSection
	GlobalSection(ProjectConfigurationPlatforms) = postSolution
		{71DF0356-4136-40E1-9516-6427E5700CF9}.Debug|Any CPU.ActiveCfg = Debug|Any CPU
		{71DF0356-4136-40E1-9516-6427E5700CF9}.Debug|Any CPU.Build.0 = Debug|Any CPU
		{71DF0356-4136-40E1-9516-6427E5700CF9}.Release|Any CPU.ActiveCfg = Release|Any CPU
		{71DF0356-4136-40E1-9516-6427E5700CF9}.Release|Any CPU.Build.0 = Release|Any CPU
	EndGlobalSection
	GlobalSection(SolutionProperties) = preSolution
		HideSolutionNode = FALSE
	EndGlobalSection
	GlobalSection(ExtensibilityGlobals) = postSolution
		SolutionGuid = {006C49DC-5B30-49E9-8B4F-09998F50D1D3}
	EndGlobalSection
EndGlobal
